PODS:
  - shumeiDevice_Id (1.0.5):
    - UICKeyChainStore
  - UICKeyChainStore (2.2.1)

DEPENDENCIES:
  - shumeiDevice_Id (from `./`)
  - UICKeyChainStore

SPEC REPOS:
  trunk:
    - UICKeyChainStore

EXTERNAL SOURCES:
  shumeiDevice_Id:
    :path: "./"

SPEC CHECKSUMS:
  shumeiDevice_Id: 7c71ca22d9139a97612aec4057ec96d897d4797c
  UICKeyChainStore: ba3bff2c762b12db1e516f395c837dd25298b05e

PODFILE CHECKSUM: 3931543b2e64ba0a6b1f56305f3de2a026fbd7af

COCOAPODS: 1.11.3
