PODS:
  - shumeiDevice_Id (1.0.7):
    - UICKeyChainStore
  - UICKeyChainStore (2.2.1)

DEPENDENCIES:
  - shumeiDevice_Id (from `./`)
  - UICKeyChainStore

SPEC REPOS:
  trunk:
    - UICKeyChainStore

EXTERNAL SOURCES:
  shumeiDevice_Id:
    :path: "./"

SPEC CHECKSUMS:
  shumeiDevice_Id: ba86d6ec66c09545031b2109206d206f8b24e667
  UICKeyChainStore: ba3bff2c762b12db1e516f395c837dd25298b05e

PODFILE CHECKSUM: 3931543b2e64ba0a6b1f56305f3de2a026fbd7af

COCOAPODS: 1.15.2
