// !$*UTF8*$!
{
	archiveVersion = 1;
	classes = {
	};
	objectVersion = 55;
	objects = {

/* Begin PBXBuildFile section */
		848B5A34281BD0A6006809CC /* AppDelegate.swift in Sources */ = {isa = PBXBuildFile; fileRef = 848B5A33281BD0A6006809CC /* AppDelegate.swift */; };
		848B5A36281BD0A6006809CC /* SceneDelegate.swift in Sources */ = {isa = PBXBuildFile; fileRef = 848B5A35281BD0A6006809CC /* SceneDelegate.swift */; };
		848B5A38281BD0A6006809CC /* ViewController.swift in Sources */ = {isa = PBXBuildFile; fileRef = 848B5A37281BD0A6006809CC /* ViewController.swift */; };
		848B5A3B281BD0A6006809CC /* Main.storyboard in Resources */ = {isa = PBXBuildFile; fileRef = 848B5A39281BD0A6006809CC /* Main.storyboard */; };
		848B5A3D281BD0A7006809CC /* Assets.xcassets in Resources */ = {isa = PBXBuildFile; fileRef = 848B5A3C281BD0A7006809CC /* Assets.xcassets */; };
		848B5A40281BD0A7006809CC /* LaunchScreen.storyboard in Resources */ = {isa = PBXBuildFile; fileRef = 848B5A3E281BD0A7006809CC /* LaunchScreen.storyboard */; };
		913170665E31905F4E23BFD9 /* Pods_unique_device_id.framework in Frameworks */ = {isa = PBXBuildFile; fileRef = 8F123FDC1B934DDB8A6CDE59 /* Pods_unique_device_id.framework */; };
/* End PBXBuildFile section */

/* Begin PBXFileReference section */
		66A0CE9279EC01E90ABBAC26 /* Pods-unique_device_id.debug.xcconfig */ = {isa = PBXFileReference; includeInIndex = 1; lastKnownFileType = text.xcconfig; name = "Pods-unique_device_id.debug.xcconfig"; path = "Target Support Files/Pods-unique_device_id/Pods-unique_device_id.debug.xcconfig"; sourceTree = "<group>"; };
		848B5A30281BD0A6006809CC /* unique_device_id.app */ = {isa = PBXFileReference; explicitFileType = wrapper.application; includeInIndex = 0; path = unique_device_id.app; sourceTree = BUILT_PRODUCTS_DIR; };
		848B5A33281BD0A6006809CC /* AppDelegate.swift */ = {isa = PBXFileReference; lastKnownFileType = sourcecode.swift; path = AppDelegate.swift; sourceTree = "<group>"; };
		848B5A35281BD0A6006809CC /* SceneDelegate.swift */ = {isa = PBXFileReference; lastKnownFileType = sourcecode.swift; path = SceneDelegate.swift; sourceTree = "<group>"; };
		848B5A37281BD0A6006809CC /* ViewController.swift */ = {isa = PBXFileReference; lastKnownFileType = sourcecode.swift; path = ViewController.swift; sourceTree = "<group>"; };
		848B5A3A281BD0A6006809CC /* Base */ = {isa = PBXFileReference; lastKnownFileType = file.storyboard; name = Base; path = Base.lproj/Main.storyboard; sourceTree = "<group>"; };
		848B5A3C281BD0A7006809CC /* Assets.xcassets */ = {isa = PBXFileReference; lastKnownFileType = folder.assetcatalog; path = Assets.xcassets; sourceTree = "<group>"; };
		848B5A3F281BD0A7006809CC /* Base */ = {isa = PBXFileReference; lastKnownFileType = file.storyboard; name = Base; path = Base.lproj/LaunchScreen.storyboard; sourceTree = "<group>"; };
		848B5A41281BD0A7006809CC /* Info.plist */ = {isa = PBXFileReference; lastKnownFileType = text.plist.xml; path = Info.plist; sourceTree = "<group>"; };
		8F123FDC1B934DDB8A6CDE59 /* Pods_unique_device_id.framework */ = {isa = PBXFileReference; explicitFileType = wrapper.framework; includeInIndex = 0; path = Pods_unique_device_id.framework; sourceTree = BUILT_PRODUCTS_DIR; };
		BC670BA4B4C42D25A8EE7D2B /* Pods-unique_device_id.release.xcconfig */ = {isa = PBXFileReference; includeInIndex = 1; lastKnownFileType = text.xcconfig; name = "Pods-unique_device_id.release.xcconfig"; path = "Target Support Files/Pods-unique_device_id/Pods-unique_device_id.release.xcconfig"; sourceTree = "<group>"; };
/* End PBXFileReference section */

/* Begin PBXFrameworksBuildPhase section */
		848B5A2D281BD0A6006809CC /* Frameworks */ = {
			isa = PBXFrameworksBuildPhase;
			buildActionMask = 2147483647;
			files = (
				913170665E31905F4E23BFD9 /* Pods_unique_device_id.framework in Frameworks */,
			);
			runOnlyForDeploymentPostprocessing = 0;
		};
/* End PBXFrameworksBuildPhase section */

/* Begin PBXGroup section */
		2E8E8BEE39C47B72EE5D4B6F /* Pods */ = {
			isa = PBXGroup;
			children = (
				66A0CE9279EC01E90ABBAC26 /* Pods-unique_device_id.debug.xcconfig */,
				BC670BA4B4C42D25A8EE7D2B /* Pods-unique_device_id.release.xcconfig */,
			);
			path = Pods;
			sourceTree = "<group>";
		};
		848B5A27281BD0A6006809CC = {
			isa = PBXGroup;
			children = (
				848B5A32281BD0A6006809CC /* unique_device_id */,
				848B5A31281BD0A6006809CC /* Products */,
				2E8E8BEE39C47B72EE5D4B6F /* Pods */,
				8F79C0A731D4629D6B1CF520 /* Frameworks */,
			);
			sourceTree = "<group>";
		};
		848B5A31281BD0A6006809CC /* Products */ = {
			isa = PBXGroup;
			children = (
				848B5A30281BD0A6006809CC /* unique_device_id.app */,
			);
			name = Products;
			sourceTree = "<group>";
		};
		848B5A32281BD0A6006809CC /* unique_device_id */ = {
			isa = PBXGroup;
			children = (
				848B5A33281BD0A6006809CC /* AppDelegate.swift */,
				848B5A35281BD0A6006809CC /* SceneDelegate.swift */,
				848B5A37281BD0A6006809CC /* ViewController.swift */,
				848B5A39281BD0A6006809CC /* Main.storyboard */,
				848B5A3C281BD0A7006809CC /* Assets.xcassets */,
				848B5A3E281BD0A7006809CC /* LaunchScreen.storyboard */,
				848B5A41281BD0A7006809CC /* Info.plist */,
			);
			path = unique_device_id;
			sourceTree = "<group>";
		};
		8F79C0A731D4629D6B1CF520 /* Frameworks */ = {
			isa = PBXGroup;
			children = (
				8F123FDC1B934DDB8A6CDE59 /* Pods_unique_device_id.framework */,
			);
			name = Frameworks;
			sourceTree = "<group>";
		};
/* End PBXGroup section */

/* Begin PBXNativeTarget section */
		848B5A2F281BD0A6006809CC /* unique_device_id */ = {
			isa = PBXNativeTarget;
			buildConfigurationList = 848B5A44281BD0A7006809CC /* Build configuration list for PBXNativeTarget "unique_device_id" */;
			buildPhases = (
				BEB4AAF768230794F4678509 /* [CP] Check Pods Manifest.lock */,
				848B5A2C281BD0A6006809CC /* Sources */,
				848B5A2D281BD0A6006809CC /* Frameworks */,
				848B5A2E281BD0A6006809CC /* Resources */,
				A0AB21E563996258AB0EA58C /* [CP] Embed Pods Frameworks */,
			);
			buildRules = (
			);
			dependencies = (
			);
			name = unique_device_id;
			productName = unique_device_id;
			productReference = 848B5A30281BD0A6006809CC /* unique_device_id.app */;
			productType = "com.apple.product-type.application";
		};
/* End PBXNativeTarget section */

/* Begin PBXProject section */
		848B5A28281BD0A6006809CC /* Project object */ = {
			isa = PBXProject;
			attributes = {
				BuildIndependentTargetsInParallel = 1;
				LastSwiftUpdateCheck = 1300;
				LastUpgradeCheck = 1300;
				TargetAttributes = {
					848B5A2F281BD0A6006809CC = {
						CreatedOnToolsVersion = 13.0;
					};
				};
			};
			buildConfigurationList = 848B5A2B281BD0A6006809CC /* Build configuration list for PBXProject "unique_device_id" */;
			compatibilityVersion = "Xcode 13.0";
			developmentRegion = en;
			hasScannedForEncodings = 0;
			knownRegions = (
				en,
				Base,
			);
			mainGroup = 848B5A27281BD0A6006809CC;
			productRefGroup = 848B5A31281BD0A6006809CC /* Products */;
			projectDirPath = "";
			projectRoot = "";
			targets = (
				848B5A2F281BD0A6006809CC /* unique_device_id */,
			);
		};
/* End PBXProject section */

/* Begin PBXResourcesBuildPhase section */
		848B5A2E281BD0A6006809CC /* Resources */ = {
			isa = PBXResourcesBuildPhase;
			buildActionMask = 2147483647;
			files = (
				848B5A40281BD0A7006809CC /* LaunchScreen.storyboard in Resources */,
				848B5A3D281BD0A7006809CC /* Assets.xcassets in Resources */,
				848B5A3B281BD0A6006809CC /* Main.storyboard in Resources */,
			);
			runOnlyForDeploymentPostprocessing = 0;
		};
/* End PBXResourcesBuildPhase section */

/* Begin PBXShellScriptBuildPhase section */
		A0AB21E563996258AB0EA58C /* [CP] Embed Pods Frameworks */ = {
			isa = PBXShellScriptBuildPhase;
			buildActionMask = 2147483647;
			files = (
			);
			inputFileListPaths = (
				"${PODS_ROOT}/Target Support Files/Pods-unique_device_id/Pods-unique_device_id-frameworks-${CONFIGURATION}-input-files.xcfilelist",
			);
			name = "[CP] Embed Pods Frameworks";
			outputFileListPaths = (
				"${PODS_ROOT}/Target Support Files/Pods-unique_device_id/Pods-unique_device_id-frameworks-${CONFIGURATION}-output-files.xcfilelist",
			);
			runOnlyForDeploymentPostprocessing = 0;
			shellPath = /bin/sh;
			shellScript = "\"${PODS_ROOT}/Target Support Files/Pods-unique_device_id/Pods-unique_device_id-frameworks.sh\"\n";
			showEnvVarsInLog = 0;
		};
		BEB4AAF768230794F4678509 /* [CP] Check Pods Manifest.lock */ = {
			isa = PBXShellScriptBuildPhase;
			buildActionMask = 2147483647;
			files = (
			);
			inputFileListPaths = (
			);
			inputPaths = (
				"${PODS_PODFILE_DIR_PATH}/Podfile.lock",
				"${PODS_ROOT}/Manifest.lock",
			);
			name = "[CP] Check Pods Manifest.lock";
			outputFileListPaths = (
			);
			outputPaths = (
				"$(DERIVED_FILE_DIR)/Pods-unique_device_id-checkManifestLockResult.txt",
			);
			runOnlyForDeploymentPostprocessing = 0;
			shellPath = /bin/sh;
			shellScript = "diff \"${PODS_PODFILE_DIR_PATH}/Podfile.lock\" \"${PODS_ROOT}/Manifest.lock\" > /dev/null\nif [ $? != 0 ] ; then\n    # print error to STDERR\n    echo \"error: The sandbox is not in sync with the Podfile.lock. Run 'pod install' or update your CocoaPods installation.\" >&2\n    exit 1\nfi\n# This output is used by Xcode 'outputs' to avoid re-running this script phase.\necho \"SUCCESS\" > \"${SCRIPT_OUTPUT_FILE_0}\"\n";
			showEnvVarsInLog = 0;
		};
/* End PBXShellScriptBuildPhase section */

/* Begin PBXSourcesBuildPhase section */
		848B5A2C281BD0A6006809CC /* Sources */ = {
			isa = PBXSourcesBuildPhase;
			buildActionMask = 2147483647;
			files = (
				848B5A38281BD0A6006809CC /* ViewController.swift in Sources */,
				848B5A34281BD0A6006809CC /* AppDelegate.swift in Sources */,
				848B5A36281BD0A6006809CC /* SceneDelegate.swift in Sources */,
			);
			runOnlyForDeploymentPostprocessing = 0;
		};
/* End PBXSourcesBuildPhase section */

/* Begin PBXVariantGroup section */
		848B5A39281BD0A6006809CC /* Main.storyboard */ = {
			isa = PBXVariantGroup;
			children = (
				848B5A3A281BD0A6006809CC /* Base */,
			);
			name = Main.storyboard;
			sourceTree = "<group>";
		};
		848B5A3E281BD0A7006809CC /* LaunchScreen.storyboard */ = {
			isa = PBXVariantGroup;
			children = (
				848B5A3F281BD0A7006809CC /* Base */,
			);
			name = LaunchScreen.storyboard;
			sourceTree = "<group>";
		};
/* End PBXVariantGroup section */

/* Begin XCBuildConfiguration section */
		848B5A42281BD0A7006809CC /* Debug */ = {
			isa = XCBuildConfiguration;
			buildSettings = {
				ALWAYS_SEARCH_USER_PATHS = NO;
				CLANG_ANALYZER_NONNULL = YES;
				CLANG_ANALYZER_NUMBER_OBJECT_CONVERSION = YES_AGGRESSIVE;
				CLANG_CXX_LANGUAGE_STANDARD = "gnu++17";
				CLANG_CXX_LIBRARY = "libc++";
				CLANG_ENABLE_MODULES = YES;
				CLANG_ENABLE_OBJC_ARC = YES;
				CLANG_ENABLE_OBJC_WEAK = YES;
				CLANG_WARN_BLOCK_CAPTURE_AUTORELEASING = YES;
				CLANG_WARN_BOOL_CONVERSION = YES;
				CLANG_WARN_COMMA = YES;
				CLANG_WARN_CONSTANT_CONVERSION = YES;
				CLANG_WARN_DEPRECATED_OBJC_IMPLEMENTATIONS = YES;
				CLANG_WARN_DIRECT_OBJC_ISA_USAGE = YES_ERROR;
				CLANG_WARN_DOCUMENTATION_COMMENTS = YES;
				CLANG_WARN_EMPTY_BODY = YES;
				CLANG_WARN_ENUM_CONVERSION = YES;
				CLANG_WARN_INFINITE_RECURSION = YES;
				CLANG_WARN_INT_CONVERSION = YES;
				CLANG_WARN_NON_LITERAL_NULL_CONVERSION = YES;
				CLANG_WARN_OBJC_IMPLICIT_RETAIN_SELF = YES;
				CLANG_WARN_OBJC_LITERAL_CONVERSION = YES;
				CLANG_WARN_OBJC_ROOT_CLASS = YES_ERROR;
				CLANG_WARN_QUOTED_INCLUDE_IN_FRAMEWORK_HEADER = YES;
				CLANG_WARN_RANGE_LOOP_ANALYSIS = YES;
				CLANG_WARN_STRICT_PROTOTYPES = YES;
				CLANG_WARN_SUSPICIOUS_MOVE = YES;
				CLANG_WARN_UNGUARDED_AVAILABILITY = YES_AGGRESSIVE;
				CLANG_WARN_UNREACHABLE_CODE = YES;
				CLANG_WARN__DUPLICATE_METHOD_MATCH = YES;
				COPY_PHASE_STRIP = NO;
				DEBUG_INFORMATION_FORMAT = dwarf;
				ENABLE_STRICT_OBJC_MSGSEND = YES;
				ENABLE_TESTABILITY = YES;
				GCC_C_LANGUAGE_STANDARD = gnu11;
				GCC_DYNAMIC_NO_PIC = NO;
				GCC_NO_COMMON_BLOCKS = YES;
				GCC_OPTIMIZATION_LEVEL = 0;
				GCC_PREPROCESSOR_DEFINITIONS = (
					"DEBUG=1",
					"$(inherited)",
				);
				GCC_WARN_64_TO_32_BIT_CONVERSION = YES;
				GCC_WARN_ABOUT_RETURN_TYPE = YES_ERROR;
				GCC_WARN_UNDECLARED_SELECTOR = YES;
				GCC_WARN_UNINITIALIZED_AUTOS = YES_AGGRESSIVE;
				GCC_WARN_UNUSED_FUNCTION = YES;
				GCC_WARN_UNUSED_VARIABLE = YES;
				IPHONEOS_DEPLOYMENT_TARGET = 15.0;
				MTL_ENABLE_DEBUG_INFO = INCLUDE_SOURCE;
				MTL_FAST_MATH = YES;
				ONLY_ACTIVE_ARCH = YES;
				SDKROOT = iphoneos;
				SWIFT_ACTIVE_COMPILATION_CONDITIONS = DEBUG;
				SWIFT_OPTIMIZATION_LEVEL = "-Onone";
			};
			name = Debug;
		};
		848B5A43281BD0A7006809CC /* Release */ = {
			isa = XCBuildConfiguration;
			buildSettings = {
				ALWAYS_SEARCH_USER_PATHS = NO;
				CLANG_ANALYZER_NONNULL = YES;
				CLANG_ANALYZER_NUMBER_OBJECT_CONVERSION = YES_AGGRESSIVE;
				CLANG_CXX_LANGUAGE_STANDARD = "gnu++17";
				CLANG_CXX_LIBRARY = "libc++";
				CLANG_ENABLE_MODULES = YES;
				CLANG_ENABLE_OBJC_ARC = YES;
				CLANG_ENABLE_OBJC_WEAK = YES;
				CLANG_WARN_BLOCK_CAPTURE_AUTORELEASING = YES;
				CLANG_WARN_BOOL_CONVERSION = YES;
				CLANG_WARN_COMMA = YES;
				CLANG_WARN_CONSTANT_CONVERSION = YES;
				CLANG_WARN_DEPRECATED_OBJC_IMPLEMENTATIONS = YES;
				CLANG_WARN_DIRECT_OBJC_ISA_USAGE = YES_ERROR;
				CLANG_WARN_DOCUMENTATION_COMMENTS = YES;
				CLANG_WARN_EMPTY_BODY = YES;
				CLANG_WARN_ENUM_CONVERSION = YES;
				CLANG_WARN_INFINITE_RECURSION = YES;
				CLANG_WARN_INT_CONVERSION = YES;
				CLANG_WARN_NON_LITERAL_NULL_CONVERSION = YES;
				CLANG_WARN_OBJC_IMPLICIT_RETAIN_SELF = YES;
				CLANG_WARN_OBJC_LITERAL_CONVERSION = YES;
				CLANG_WARN_OBJC_ROOT_CLASS = YES_ERROR;
				CLANG_WARN_QUOTED_INCLUDE_IN_FRAMEWORK_HEADER = YES;
				CLANG_WARN_RANGE_LOOP_ANALYSIS = YES;
				CLANG_WARN_STRICT_PROTOTYPES = YES;
				CLANG_WARN_SUSPICIOUS_MOVE = YES;
				CLANG_WARN_UNGUARDED_AVAILABILITY = YES_AGGRESSIVE;
				CLANG_WARN_UNREACHABLE_CODE = YES;
				CLANG_WARN__DUPLICATE_METHOD_MATCH = YES;
				COPY_PHASE_STRIP = NO;
				DEBUG_INFORMATION_FORMAT = "dwarf-with-dsym";
				ENABLE_NS_ASSERTIONS = NO;
				ENABLE_STRICT_OBJC_MSGSEND = YES;
				GCC_C_LANGUAGE_STANDARD = gnu11;
				GCC_NO_COMMON_BLOCKS = YES;
				GCC_WARN_64_TO_32_BIT_CONVERSION = YES;
				GCC_WARN_ABOUT_RETURN_TYPE = YES_ERROR;
				GCC_WARN_UNDECLARED_SELECTOR = YES;
				GCC_WARN_UNINITIALIZED_AUTOS = YES_AGGRESSIVE;
				GCC_WARN_UNUSED_FUNCTION = YES;
				GCC_WARN_UNUSED_VARIABLE = YES;
				IPHONEOS_DEPLOYMENT_TARGET = 15.0;
				MTL_ENABLE_DEBUG_INFO = NO;
				MTL_FAST_MATH = YES;
				SDKROOT = iphoneos;
				SWIFT_COMPILATION_MODE = wholemodule;
				SWIFT_OPTIMIZATION_LEVEL = "-O";
				VALIDATE_PRODUCT = YES;
			};
			name = Release;
		};
		848B5A45281BD0A7006809CC /* Debug */ = {
			isa = XCBuildConfiguration;
			baseConfigurationReference = 66A0CE9279EC01E90ABBAC26 /* Pods-unique_device_id.debug.xcconfig */;
			buildSettings = {
				ASSETCATALOG_COMPILER_APPICON_NAME = AppIcon;
				ASSETCATALOG_COMPILER_GLOBAL_ACCENT_COLOR_NAME = AccentColor;
				CODE_SIGN_IDENTITY = "iPhone Developer";
				CODE_SIGN_STYLE = Manual;
				CURRENT_PROJECT_VERSION = 1;
				DEVELOPMENT_TEAM = 3HN3FN8BZP;
				GENERATE_INFOPLIST_FILE = YES;
				INFOPLIST_FILE = unique_device_id/Info.plist;
				INFOPLIST_KEY_UIApplicationSupportsIndirectInputEvents = YES;
				INFOPLIST_KEY_UILaunchStoryboardName = LaunchScreen;
				INFOPLIST_KEY_UIMainStoryboardFile = Main;
				INFOPLIST_KEY_UISupportedInterfaceOrientations_iPad = "UIInterfaceOrientationPortrait UIInterfaceOrientationPortraitUpsideDown UIInterfaceOrientationLandscapeLeft UIInterfaceOrientationLandscapeRight";
				INFOPLIST_KEY_UISupportedInterfaceOrientations_iPhone = "UIInterfaceOrientationPortrait UIInterfaceOrientationLandscapeLeft UIInterfaceOrientationLandscapeRight";
				LD_RUNPATH_SEARCH_PATHS = (
					"$(inherited)",
					"@executable_path/Frameworks",
				);
				LIBRARY_SEARCH_PATHS = (
					"$(inherited)",
					"$(PROJECT_DIR)/unique_device_id/Class",
				);
				MARKETING_VERSION = 1.0;
				PRODUCT_BUNDLE_IDENTIFIER = world.voya.ios;
				PRODUCT_NAME = "$(TARGET_NAME)";
				PROVISIONING_PROFILE_SPECIFIER = "Voya-dev";
				SWIFT_EMIT_LOC_STRINGS = YES;
				SWIFT_VERSION = 5.0;
				TARGETED_DEVICE_FAMILY = "1,2";
			};
			name = Debug;
		};
		848B5A46281BD0A7006809CC /* Release */ = {
			isa = XCBuildConfiguration;
			baseConfigurationReference = BC670BA4B4C42D25A8EE7D2B /* Pods-unique_device_id.release.xcconfig */;
			buildSettings = {
				ASSETCATALOG_COMPILER_APPICON_NAME = AppIcon;
				ASSETCATALOG_COMPILER_GLOBAL_ACCENT_COLOR_NAME = AccentColor;
				CODE_SIGN_IDENTITY = "iPhone Developer";
				CODE_SIGN_STYLE = Manual;
				CURRENT_PROJECT_VERSION = 1;
				DEVELOPMENT_TEAM = 3HN3FN8BZP;
				GENERATE_INFOPLIST_FILE = YES;
				INFOPLIST_FILE = unique_device_id/Info.plist;
				INFOPLIST_KEY_UIApplicationSupportsIndirectInputEvents = YES;
				INFOPLIST_KEY_UILaunchStoryboardName = LaunchScreen;
				INFOPLIST_KEY_UIMainStoryboardFile = Main;
				INFOPLIST_KEY_UISupportedInterfaceOrientations_iPad = "UIInterfaceOrientationPortrait UIInterfaceOrientationPortraitUpsideDown UIInterfaceOrientationLandscapeLeft UIInterfaceOrientationLandscapeRight";
				INFOPLIST_KEY_UISupportedInterfaceOrientations_iPhone = "UIInterfaceOrientationPortrait UIInterfaceOrientationLandscapeLeft UIInterfaceOrientationLandscapeRight";
				LD_RUNPATH_SEARCH_PATHS = (
					"$(inherited)",
					"@executable_path/Frameworks",
				);
				LIBRARY_SEARCH_PATHS = (
					"$(inherited)",
					"$(PROJECT_DIR)/unique_device_id/Class",
				);
				MARKETING_VERSION = 1.0;
				PRODUCT_BUNDLE_IDENTIFIER = world.voya.ios;
				PRODUCT_NAME = "$(TARGET_NAME)";
				PROVISIONING_PROFILE_SPECIFIER = "Voya-dev";
				SWIFT_EMIT_LOC_STRINGS = YES;
				SWIFT_VERSION = 5.0;
				TARGETED_DEVICE_FAMILY = "1,2";
			};
			name = Release;
		};
/* End XCBuildConfiguration section */

/* Begin XCConfigurationList section */
		848B5A2B281BD0A6006809CC /* Build configuration list for PBXProject "unique_device_id" */ = {
			isa = XCConfigurationList;
			buildConfigurations = (
				848B5A42281BD0A7006809CC /* Debug */,
				848B5A43281BD0A7006809CC /* Release */,
			);
			defaultConfigurationIsVisible = 0;
			defaultConfigurationName = Release;
		};
		848B5A44281BD0A7006809CC /* Build configuration list for PBXNativeTarget "unique_device_id" */ = {
			isa = XCConfigurationList;
			buildConfigurations = (
				848B5A45281BD0A7006809CC /* Debug */,
				848B5A46281BD0A7006809CC /* Release */,
			);
			defaultConfigurationIsVisible = 0;
			defaultConfigurationName = Release;
		};
/* End XCConfigurationList section */
	};
	rootObject = 848B5A28281BD0A6006809CC /* Project object */;
}
